// !$*UTF8*$!
{
	archiveVersion = 1;
	classes = {
	};
	objectVersion = 77;
	objects = {

/* Begin PBXContainerItemProxy section */
		413E16F62D6C32E50051ED3C /* PBXContainerItemProxy */ = {
			isa = PBXContainerItemProxy;
			containerPortal = 413E16DD2D6C32E30051ED3C /* Project object */;
			proxyType = 1;
			remoteGlobalIDString = 413E16E42D6C32E30051ED3C;
			remoteInfo = HelloSpeakBuddy;
		};
		413E17002D6C32E50051ED3C /* PBXContainerItemProxy */ = {
			isa = PBXContainerItemProxy;
			containerPortal = 413E16DD2D6C32E30051ED3C /* Project object */;
			proxyType = 1;
			remoteGlobalIDString = 413E16E42D6C32E30051ED3C;
			remoteInfo = HelloSpeakBuddy;
		};
/* End PBXContainerItemProxy section */

/* Begin PBXFileReference section */
		413E16E52D6C32E30051ED3C /* HelloSpeakBuddy.app */ = {isa = PBXFileReference; explicitFileType = wrapper.application; includeInIndex = 0; path = HelloSpeakBuddy.app; sourceTree = BUILT_PRODUCTS_DIR; };
		413E16F52D6C32E50051ED3C /* HelloSpeakBuddyTests.xctest */ = {isa = PBXFileReference; explicitFileType = wrapper.cfbundle; includeInIndex = 0; path = HelloSpeakBuddyTests.xctest; sourceTree = BUILT_PRODUCTS_DIR; };
		413E16FF2D6C32E50051ED3C /* HelloSpeakBuddyUITests.xctest */ = {isa = PBXFileReference; explicitFileType = wrapper.cfbundle; includeInIndex = 0; path = HelloSpeakBuddyUITests.xctest; sourceTree = BUILT_PRODUCTS_DIR; };
/* End PBXFileReference section */

/* Begin PBXFileSystemSynchronizedRootGroup section */
		413E16E72D6C32E30051ED3C /* HelloSpeakBuddy */ = {
			isa = PBXFileSystemSynchronizedRootGroup;
			path = HelloSpeakBuddy;
			sourceTree = "<group>";
		};
		413E16F82D6C32E50051ED3C /* HelloSpeakBuddyTests */ = {
			isa = PBXFileSystemSynchronizedRootGroup;
			path = HelloSpeakBuddyTests;
			sourceTree = "<group>";
		};
		413E17022D6C32E50051ED3C /* HelloSpeakBuddyUITests */ = {
			isa = PBXFileSystemSynchronizedRootGroup;
			path = HelloSpeakBuddyUITests;
			sourceTree = "<group>";
		};
/* End PBXFileSystemSynchronizedRootGroup section */

/* Begin PBXFrameworksBuildPhase section */
		413E16E22D6C32E30051ED3C /* Frameworks */ = {
			isa = PBXFrameworksBuildPhase;
			buildActionMask = 2147483647;
			files = (
			);
			runOnlyForDeploymentPostprocessing = 0;
		};
		413E16F22D6C32E50051ED3C /* Frameworks */ = {
			isa = PBXFrameworksBuildPhase;
			buildActionMask = 2147483647;
			files = (
			);
			runOnlyForDeploymentPostprocessing = 0;
		};
		413E16FC2D6C32E50051ED3C /* Frameworks */ = {
			isa = PBXFrameworksBuildPhase;
			buildActionMask = 2147483647;
			files = (
			);
			runOnlyForDeploymentPostprocessing = 0;
		};
/* End PBXFrameworksBuildPhase section */

/* Begin PBXGroup section */
		413E16DC2D6C32E30051ED3C = {
			isa = PBXGroup;
			children = (
				413E16E72D6C32E30051ED3C /* HelloSpeakBuddy */,
				413E16F82D6C32E50051ED3C /* HelloSpeakBuddyTests */,
				413E17022D6C32E50051ED3C /* HelloSpeakBuddyUITests */,
				413E16E62D6C32E30051ED3C /* Products */,
			);
			sourceTree = "<group>";
		};
		413E16E62D6C32E30051ED3C /* Products */ = {
			isa = PBXGroup;
			children = (
				413E16E52D6C32E30051ED3C /* HelloSpeakBuddy.app */,
				413E16F52D6C32E50051ED3C /* HelloSpeakBuddyTests.xctest */,
				413E16FF2D6C32E50051ED3C /* HelloSpeakBuddyUITests.xctest */,
			);
			name = Products;
			sourceTree = "<group>";
		};
/* End PBXGroup section */

/* Begin PBXNativeTarget section */
		413E16E42D6C32E30051ED3C /* HelloSpeakBuddy */ = {
			isa = PBXNativeTarget;
			buildConfigurationList = 413E17092D6C32E50051ED3C /* Build configuration list for PBXNativeTarget "HelloSpeakBuddy" */;
			buildPhases = (
				413E16E12D6C32E30051ED3C /* Sources */,
				413E16E22D6C32E30051ED3C /* Frameworks */,
				413E16E32D6C32E30051ED3C /* Resources */,
			);
			buildRules = (
			);
			dependencies = (
			);
			fileSystemSynchronizedGroups = (
				413E16E72D6C32E30051ED3C /* HelloSpeakBuddy */,
			);
			name = HelloSpeakBuddy;
			packageProductDependencies = (
			);
			productName = HelloSpeakBuddy;
			productReference = 413E16E52D6C32E30051ED3C /* HelloSpeakBuddy.app */;
			productType = "com.apple.product-type.application";
		};
		413E16F42D6C32E50051ED3C /* HelloSpeakBuddyTests */ = {
			isa = PBXNativeTarget;
			buildConfigurationList = 413E170C2D6C32E50051ED3C /* Build configuration list for PBXNativeTarget "HelloSpeakBuddyTests" */;
			buildPhases = (
				413E16F12D6C32E50051ED3C /* Sources */,
				413E16F22D6C32E50051ED3C /* Frameworks */,
				413E16F32D6C32E50051ED3C /* Resources */,
			);
			buildRules = (
			);
			dependencies = (
				413E16F72D6C32E50051ED3C /* PBXTargetDependency */,
			);
			fileSystemSynchronizedGroups = (
				413E16F82D6C32E50051ED3C /* HelloSpeakBuddyTests */,
			);
			name = HelloSpeakBuddyTests;
			packageProductDependencies = (
			);
			productName = HelloSpeakBuddyTests;
			productReference = 413E16F52D6C32E50051ED3C /* HelloSpeakBuddyTests.xctest */;
			productType = "com.apple.product-type.bundle.unit-test";
		};
		413E16FE2D6C32E50051ED3C /* HelloSpeakBuddyUITests */ = {
			isa = PBXNativeTarget;
			buildConfigurationList = 413E170F2D6C32E50051ED3C /* Build configuration list for PBXNativeTarget "HelloSpeakBuddyUITests" */;
			buildPhases = (
				413E16FB2D6C32E50051ED3C /* Sources */,
				413E16FC2D6C32E50051ED3C /* Frameworks */,
				413E16FD2D6C32E50051ED3C /* Resources */,
			);
			buildRules = (
			);
			dependencies = (
				413E17012D6C32E50051ED3C /* PBXTargetDependency */,
			);
			fileSystemSynchronizedGroups = (
				413E17022D6C32E50051ED3C /* HelloSpeakBuddyUITests */,
			);
			name = HelloSpeakBuddyUITests;
			packageProductDependencies = (
			);
			productName = HelloSpeakBuddyUITests;
			productReference = 413E16FF2D6C32E50051ED3C /* HelloSpeakBuddyUITests.xctest */;
			productType = "com.apple.product-type.bundle.ui-testing";
		};
/* End PBXNativeTarget section */

/* Begin PBXProject section */
		413E16DD2D6C32E30051ED3C /* Project object */ = {
			isa = PBXProject;
			attributes = {
				BuildIndependentTargetsInParallel = 1;
				LastSwiftUpdateCheck = 1620;
				LastUpgradeCheck = 1620;
				TargetAttributes = {
					413E16E42D6C32E30051ED3C = {
						CreatedOnToolsVersion = 16.2;
					};
					413E16F42D6C32E50051ED3C = {
						CreatedOnToolsVersion = 16.2;
						TestTargetID = 413E16E42D6C32E30051ED3C;
					};
					413E16FE2D6C32E50051ED3C = {
						CreatedOnToolsVersion = 16.2;
						TestTargetID = 413E16E42D6C32E30051ED3C;
					};
				};
			};
			buildConfigurationList = 413E16E02D6C32E30051ED3C /* Build configuration list for PBXProject "HelloSpeakBuddy" */;
			developmentRegion = en;
			hasScannedForEncodings = 0;
			knownRegions = (
				en,
				Base,
			);
			mainGroup = 413E16DC2D6C32E30051ED3C;
			minimizedProjectReferenceProxies = 1;
			preferredProjectObjectVersion = 77;
			productRefGroup = 413E16E62D6C32E30051ED3C /* Products */;
			projectDirPath = "";
			projectRoot = "";
			targets = (
				413E16E42D6C32E30051ED3C /* HelloSpeakBuddy */,
				413E16F42D6C32E50051ED3C /* HelloSpeakBuddyTests */,
				413E16FE2D6C32E50051ED3C /* HelloSpeakBuddyUITests */,
			);
		};
/* End PBXProject section */

/* Begin PBXResourcesBuildPhase section */
		413E16E32D6C32E30051ED3C /* Resources */ = {
			isa = PBXResourcesBuildPhase;
			buildActionMask = 2147483647;
			files = (
			);
			runOnlyForDeploymentPostprocessing = 0;
		};
		413E16F32D6C32E50051ED3C /* Resources */ = {
			isa = PBXResourcesBuildPhase;
			buildActionMask = 2147483647;
			files = (
			);
			runOnlyForDeploymentPostprocessing = 0;
		};
		413E16FD2D6C32E50051ED3C /* Resources */ = {
			isa = PBXResourcesBuildPhase;
			buildActionMask = 2147483647;
			files = (
			);
			runOnlyForDeploymentPostprocessing = 0;
		};
/* End PBXResourcesBuildPhase section */

/* Begin PBXSourcesBuildPhase section */
		413E16E12D6C32E30051ED3C /* Sources */ = {
			isa = PBXSourcesBuildPhase;
			buildActionMask = 2147483647;
			files = (
			);
			runOnlyForDeploymentPostprocessing = 0;
		};
		413E16F12D6C32E50051ED3C /* Sources */ = {
			isa = PBXSourcesBuildPhase;
			buildActionMask = 2147483647;
			files = (
			);
			runOnlyForDeploymentPostprocessing = 0;
		};
		413E16FB2D6C32E50051ED3C /* Sources */ = {
			isa = PBXSourcesBuildPhase;
			buildActionMask = 2147483647;
			files = (
			);
			runOnlyForDeploymentPostprocessing = 0;
		};
/* End PBXSourcesBuildPhase section */

/* Begin PBXTargetDependency section */
		413E16F72D6C32E50051ED3C /* PBXTargetDependency */ = {
			isa = PBXTargetDependency;
			target = 413E16E42D6C32E30051ED3C /* HelloSpeakBuddy */;
			targetProxy = 413E16F62D6C32E50051ED3C /* PBXContainerItemProxy */;
		};
		413E17012D6C32E50051ED3C /* PBXTargetDependency */ = {
			isa = PBXTargetDependency;
			target = 413E16E42D6C32E30051ED3C /* HelloSpeakBuddy */;
			targetProxy = 413E17002D6C32E50051ED3C /* PBXContainerItemProxy */;
		};
/* End PBXTargetDependency section */

/* Begin XCBuildConfiguration section */
		413E17072D6C32E50051ED3C /* Debug */ = {
			isa = XCBuildConfiguration;
			buildSettings = {
				ALWAYS_SEARCH_USER_PATHS = NO;
				ASSETCATALOG_COMPILER_GENERATE_SWIFT_ASSET_SYMBOL_EXTENSIONS = YES;
				CLANG_ANALYZER_NONNULL = YES;
				CLANG_ANALYZER_NUMBER_OBJECT_CONVERSION = YES_AGGRESSIVE;
				CLANG_CXX_LANGUAGE_STANDARD = "gnu++20";
				CLANG_ENABLE_MODULES = YES;
				CLANG_ENABLE_OBJC_ARC = YES;
				CLANG_ENABLE_OBJC_WEAK = YES;
				CLANG_WARN_BLOCK_CAPTURE_AUTORELEASING = YES;
				CLANG_WARN_BOOL_CONVERSION = YES;
				CLANG_WARN_COMMA = YES;
				CLANG_WARN_CONSTANT_CONVERSION = YES;
				CLANG_WARN_DEPRECATED_OBJC_IMPLEMENTATIONS = YES;
				CLANG_WARN_DIRECT_OBJC_ISA_USAGE = YES_ERROR;
				CLANG_WARN_DOCUMENTATION_COMMENTS = YES;
				CLANG_WARN_EMPTY_BODY = YES;
				CLANG_WARN_ENUM_CONVERSION = YES;
				CLANG_WARN_INFINITE_RECURSION = YES;
				CLANG_WARN_INT_CONVERSION = YES;
				CLANG_WARN_NON_LITERAL_NULL_CONVERSION = YES;
				CLANG_WARN_OBJC_IMPLICIT_RETAIN_SELF = YES;
				CLANG_WARN_OBJC_LITERAL_CONVERSION = YES;
				CLANG_WARN_OBJC_ROOT_CLASS = YES_ERROR;
				CLANG_WARN_QUOTED_INCLUDE_IN_FRAMEWORK_HEADER = YES;
				CLANG_WARN_RANGE_LOOP_ANALYSIS = YES;
				CLANG_WARN_STRICT_PROTOTYPES = YES;
				CLANG_WARN_SUSPICIOUS_MOVE = YES;
				CLANG_WARN_UNGUARDED_AVAILABILITY = YES_AGGRESSIVE;
				CLANG_WARN_UNREACHABLE_CODE = YES;
				CLANG_WARN__DUPLICATE_METHOD_MATCH = YES;
				COPY_PHASE_STRIP = NO;
				DEBUG_INFORMATION_FORMAT = dwarf;
				ENABLE_STRICT_OBJC_MSGSEND = YES;
				ENABLE_TESTABILITY = YES;
				ENABLE_USER_SCRIPT_SANDBOXING = YES;
				GCC_C_LANGUAGE_STANDARD = gnu17;
				GCC_DYNAMIC_NO_PIC = NO;
				GCC_NO_COMMON_BLOCKS = YES;
				GCC_OPTIMIZATION_LEVEL = 0;
				GCC_PREPROCESSOR_DEFINITIONS = (
					"DEBUG=1",
					"$(inherited)",
				);
				GCC_WARN_64_TO_32_BIT_CONVERSION = YES;
				GCC_WARN_ABOUT_RETURN_TYPE = YES_ERROR;
				GCC_WARN_UNDECLARED_SELECTOR = YES;
				GCC_WARN_UNINITIALIZED_AUTOS = YES_AGGRESSIVE;
				GCC_WARN_UNUSED_FUNCTION = YES;
				GCC_WARN_UNUSED_VARIABLE = YES;
				IPHONEOS_DEPLOYMENT_TARGET = 18.2;
				LOCALIZATION_PREFERS_STRING_CATALOGS = YES;
				MTL_ENABLE_DEBUG_INFO = INCLUDE_SOURCE;
				MTL_FAST_MATH = YES;
				ONLY_ACTIVE_ARCH = YES;
				SDKROOT = iphoneos;
				SWIFT_ACTIVE_COMPILATION_CONDITIONS = "DEBUG $(inherited)";
				SWIFT_OPTIMIZATION_LEVEL = "-Onone";
			};
			name = Debug;
		};
		413E17082D6C32E50051ED3C /* Release */ = {
			isa = XCBuildConfiguration;
			buildSettings = {
				ALWAYS_SEARCH_USER_PATHS = NO;
				ASSETCATALOG_COMPILER_GENERATE_SWIFT_ASSET_SYMBOL_EXTENSIONS = YES;
				CLANG_ANALYZER_NONNULL = YES;
				CLANG_ANALYZER_NUMBER_OBJECT_CONVERSION = YES_AGGRESSIVE;
				CLANG_CXX_LANGUAGE_STANDARD = "gnu++20";
				CLANG_ENABLE_MODULES = YES;
				CLANG_ENABLE_OBJC_ARC = YES;
				CLANG_ENABLE_OBJC_WEAK = YES;
				CLANG_WARN_BLOCK_CAPTURE_AUTORELEASING = YES;
				CLANG_WARN_BOOL_CONVERSION = YES;
				CLANG_WARN_COMMA = YES;
				CLANG_WARN_CONSTANT_CONVERSION = YES;
				CLANG_WARN_DEPRECATED_OBJC_IMPLEMENTATIONS = YES;
				CLANG_WARN_DIRECT_OBJC_ISA_USAGE = YES_ERROR;
				CLANG_WARN_DOCUMENTATION_COMMENTS = YES;
				CLANG_WARN_EMPTY_BODY = YES;
				CLANG_WARN_ENUM_CONVERSION = YES;
				CLANG_WARN_INFINITE_RECURSION = YES;
				CLANG_WARN_INT_CONVERSION = YES;
				CLANG_WARN_NON_LITERAL_NULL_CONVERSION = YES;
				CLANG_WARN_OBJC_IMPLICIT_RETAIN_SELF = YES;
				CLANG_WARN_OBJC_LITERAL_CONVERSION = YES;
				CLANG_WARN_OBJC_ROOT_CLASS = YES_ERROR;
				CLANG_WARN_QUOTED_INCLUDE_IN_FRAMEWORK_HEADER = YES;
				CLANG_WARN_RANGE_LOOP_ANALYSIS = YES;
				CLANG_WARN_STRICT_PROTOTYPES = YES;
				CLANG_WARN_SUSPICIOUS_MOVE = YES;
				CLANG_WARN_UNGUARDED_AVAILABILITY = YES_AGGRESSIVE;
				CLANG_WARN_UNREACHABLE_CODE = YES;
				CLANG_WARN__DUPLICATE_METHOD_MATCH = YES;
				COPY_PHASE_STRIP = NO;
				DEBUG_INFORMATION_FORMAT = "dwarf-with-dsym";
				ENABLE_NS_ASSERTIONS = NO;
				ENABLE_STRICT_OBJC_MSGSEND = YES;
				ENABLE_USER_SCRIPT_SANDBOXING = YES;
				GCC_C_LANGUAGE_STANDARD = gnu17;
				GCC_NO_COMMON_BLOCKS = YES;
				GCC_WARN_64_TO_32_BIT_CONVERSION = YES;
				GCC_WARN_ABOUT_RETURN_TYPE = YES_ERROR;
				GCC_WARN_UNDECLARED_SELECTOR = YES;
				GCC_WARN_UNINITIALIZED_AUTOS = YES_AGGRESSIVE;
				GCC_WARN_UNUSED_FUNCTION = YES;
				GCC_WARN_UNUSED_VARIABLE = YES;
				IPHONEOS_DEPLOYMENT_TARGET = 18.2;
				LOCALIZATION_PREFERS_STRING_CATALOGS = YES;
				MTL_ENABLE_DEBUG_INFO = NO;
				MTL_FAST_MATH = YES;
				SDKROOT = iphoneos;
				SWIFT_COMPILATION_MODE = wholemodule;
				VALIDATE_PRODUCT = YES;
			};
			name = Release;
		};
		413E170A2D6C32E50051ED3C /* Debug */ = {
			isa = XCBuildConfiguration;
			buildSettings = {
				ASSETCATALOG_COMPILER_APPICON_NAME = AppIcon;
				ASSETCATALOG_COMPILER_GLOBAL_ACCENT_COLOR_NAME = AccentColor;
				CODE_SIGN_STYLE = Automatic;
				CURRENT_PROJECT_VERSION = 1;
				DEVELOPMENT_ASSET_PATHS = "\"HelloSpeakBuddy/Preview Content\"";
				ENABLE_PREVIEWS = YES;
				GENERATE_INFOPLIST_FILE = YES;
				INFOPLIST_KEY_UIApplicationSceneManifest_Generation = YES;
				INFOPLIST_KEY_UIApplicationSupportsIndirectInputEvents = YES;
				INFOPLIST_KEY_UILaunchScreen_Generation = YES;
				INFOPLIST_KEY_UISupportedInterfaceOrientations = UIInterfaceOrientationPortrait;
				INFOPLIST_KEY_UISupportedInterfaceOrientations_iPad = "UIInterfaceOrientationPortrait UIInterfaceOrientationPortraitUpsideDown";
				LD_RUNPATH_SEARCH_PATHS = (
					"$(inherited)",
					"@executable_path/Frameworks",
				);
				MARKETING_VERSION = 1.0;
				PRODUCT_BUNDLE_IDENTIFIER = idv.findlimit.example.HelloSpeakBuddy;
				PRODUCT_NAME = "$(TARGET_NAME)";
				SWIFT_EMIT_LOC_STRINGS = YES;
				SWIFT_VERSION = 5.0;
				TARGETED_DEVICE_FAMILY = "1,2";
			};
			name = Debug;
		};
		413E170B2D6C32E50051ED3C /* Release */ = {
			isa = XCBuildConfiguration;
			buildSettings = {
				ASSETCATALOG_COMPILER_APPICON_NAME = AppIcon;
				ASSETCATALOG_COMPILER_GLOBAL_ACCENT_COLOR_NAME = AccentColor;
				CODE_SIGN_STYLE = Automatic;
				CURRENT_PROJECT_VERSION = 1;
				DEVELOPMENT_ASSET_PATHS = "\"HelloSpeakBuddy/Preview Content\"";
				ENABLE_PREVIEWS = YES;
				GENERATE_INFOPLIST_FILE = YES;
				INFOPLIST_KEY_UIApplicationSceneManifest_Generation = YES;
				INFOPLIST_KEY_UIApplicationSupportsIndirectInputEvents = YES;
				INFOPLIST_KEY_UILaunchScreen_Generation = YES;
				INFOPLIST_KEY_UISupportedInterfaceOrientations = UIInterfaceOrientationPortrait;
				INFOPLIST_KEY_UISupportedInterfaceOrientations_iPad = "UIInterfaceOrientationPortrait UIInterfaceOrientationPortraitUpsideDown";
				LD_RUNPATH_SEARCH_PATHS = (
					"$(inherited)",
					"@executable_path/Frameworks",
				);
				MARKETING_VERSION = 1.0;
				PRODUCT_BUNDLE_IDENTIFIER = idv.findlimit.example.HelloSpeakBuddy;
				PRODUCT_NAME = "$(TARGET_NAME)";
				SWIFT_EMIT_LOC_STRINGS = YES;
				SWIFT_VERSION = 5.0;
				TARGETED_DEVICE_FAMILY = "1,2";
			};
			name = Release;
		};
		413E170D2D6C32E50051ED3C /* Debug */ = {
			isa = XCBuildConfiguration;
			buildSettings = {
				BUNDLE_LOADER = "$(TEST_HOST)";
				CODE_SIGN_STYLE = Automatic;
				CURRENT_PROJECT_VERSION = 1;
				GENERATE_INFOPLIST_FILE = YES;
				IPHONEOS_DEPLOYMENT_TARGET = 18.2;
				MARKETING_VERSION = 1.0;
				PRODUCT_BUNDLE_IDENTIFIER = idv.findlimit.example.HelloSpeakBuddyTests;
				PRODUCT_NAME = "$(TARGET_NAME)";
				SWIFT_EMIT_LOC_STRINGS = NO;
				SWIFT_VERSION = 5.0;
				TARGETED_DEVICE_FAMILY = "1,2";
				TEST_HOST = "$(BUILT_PRODUCTS_DIR)/HelloSpeakBuddy.app/$(BUNDLE_EXECUTABLE_FOLDER_PATH)/HelloSpeakBuddy";
			};
			name = Debug;
		};
		413E170E2D6C32E50051ED3C /* Release */ = {
			isa = XCBuildConfiguration;
			buildSettings = {
				BUNDLE_LOADER = "$(TEST_HOST)";
				CODE_SIGN_STYLE = Automatic;
				CURRENT_PROJECT_VERSION = 1;
				GENERATE_INFOPLIST_FILE = YES;
				IPHONEOS_DEPLOYMENT_TARGET = 18.2;
				MARKETING_VERSION = 1.0;
				PRODUCT_BUNDLE_IDENTIFIER = idv.findlimit.example.HelloSpeakBuddyTests;
				PRODUCT_NAME = "$(TARGET_NAME)";
				SWIFT_EMIT_LOC_STRINGS = NO;
				SWIFT_VERSION = 5.0;
				TARGETED_DEVICE_FAMILY = "1,2";
				TEST_HOST = "$(BUILT_PRODUCTS_DIR)/HelloSpeakBuddy.app/$(BUNDLE_EXECUTABLE_FOLDER_PATH)/HelloSpeakBuddy";
			};
			name = Release;
		};
		413E17102D6C32E50051ED3C /* Debug */ = {
			isa = XCBuildConfiguration;
			buildSettings = {
				CODE_SIGN_STYLE = Automatic;
				CURRENT_PROJECT_VERSION = 1;
				GENERATE_INFOPLIST_FILE = YES;
				MARKETING_VERSION = 1.0;
				PRODUCT_BUNDLE_IDENTIFIER = idv.findlimit.example.HelloSpeakBuddyUITests;
				PRODUCT_NAME = "$(TARGET_NAME)";
				SWIFT_EMIT_LOC_STRINGS = NO;
				SWIFT_VERSION = 5.0;
				TARGETED_DEVICE_FAMILY = "1,2";
				TEST_TARGET_NAME = HelloSpeakBuddy;
			};
			name = Debug;
		};
		413E17112D6C32E50051ED3C /* Release */ = {
			isa = XCBuildConfiguration;
			buildSettings = {
				CODE_SIGN_STYLE = Automatic;
				CURRENT_PROJECT_VERSION = 1;
				GENERATE_INFOPLIST_FILE = YES;
				MARKETING_VERSION = 1.0;
				PRODUCT_BUNDLE_IDENTIFIER = idv.findlimit.example.HelloSpeakBuddyUITests;
				PRODUCT_NAME = "$(TARGET_NAME)";
				SWIFT_EMIT_LOC_STRINGS = NO;
				SWIFT_VERSION = 5.0;
				TARGETED_DEVICE_FAMILY = "1,2";
				TEST_TARGET_NAME = HelloSpeakBuddy;
			};
			name = Release;
		};
/* End XCBuildConfiguration section */

/* Begin XCConfigurationList section */
		413E16E02D6C32E30051ED3C /* Build configuration list for PBXProject "HelloSpeakBuddy" */ = {
			isa = XCConfigurationList;
			buildConfigurations = (
				413E17072D6C32E50051ED3C /* Debug */,
				413E17082D6C32E50051ED3C /* Release */,
			);
			defaultConfigurationIsVisible = 0;
			defaultConfigurationName = Release;
		};
		413E17092D6C32E50051ED3C /* Build configuration list for PBXNativeTarget "HelloSpeakBuddy" */ = {
			isa = XCConfigurationList;
			buildConfigurations = (
				413E170A2D6C32E50051ED3C /* Debug */,
				413E170B2D6C32E50051ED3C /* Release */,
			);
			defaultConfigurationIsVisible = 0;
			defaultConfigurationName = Release;
		};
		413E170C2D6C32E50051ED3C /* Build configuration list for PBXNativeTarget "HelloSpeakBuddyTests" */ = {
			isa = XCConfigurationList;
			buildConfigurations = (
				413E170D2D6C32E50051ED3C /* Debug */,
				413E170E2D6C32E50051ED3C /* Release */,
			);
			defaultConfigurationIsVisible = 0;
			defaultConfigurationName = Release;
		};
		413E170F2D6C32E50051ED3C /* Build configuration list for PBXNativeTarget "HelloSpeakBuddyUITests" */ = {
			isa = XCConfigurationList;
			buildConfigurations = (
				413E17102D6C32E50051ED3C /* Debug */,
				413E17112D6C32E50051ED3C /* Release */,
			);
			defaultConfigurationIsVisible = 0;
			defaultConfigurationName = Release;
		};
/* End XCConfigurationList section */
	};
	rootObject = 413E16DD2D6C32E30051ED3C /* Project object */;
}
